{
    "name": "gooddata-as-code-james-bond",
    "version": "0.0.1",
    "lockfileVersion": 3,
    "requires": true,
    "packages": {
        "": {
            "name": "gooddata-as-code-james-bond",
            "version": "0.0.1",
            "dependencies": {
                "@gooddata/code-cli": "^0.4.0"
            }
        },
        "node_modules/@gooddata/code-cli": {
            "version": "0.4.0",
            "resolved": "https://registry.npmjs.org/@gooddata/code-cli/-/code-cli-0.4.0.tgz",
            "integrity": "sha512-Q6jTC7hVzwDHATvpJwagu2Ys1KLzmcqkekD2a5lTqkr308I4ZGvxuoxqkDhE9Owibq1VEQBvoj6Lys7goo/Bdg==",
            "bin": {
                "gd": "bin/gd"
            },
            "engines": {
                "node": ">=16.14.0"
            }
        }
    }
}
